
Microsoft Visual Studio Solution File, Format Version 12.00
# Visual Studio Version 17
VisualStudioVersion = 17.14.36603.0
MinimumVisualStudioVersion = 10.0.40219.1
Project("{FAE04EC0-301F-11D3-BF4B-00C04F79EFBC}") = "Html2x.Pdf", "Html2x.Pdf\Html2x.Pdf.csproj", "{CA232298-E0DF-45C8-BC9B-A0FC18983588}"
EndProject
Project("{FAE04EC0-301F-11D3-BF4B-00C04F79EFBC}") = "Html2x.Core", "Html2x.Core\Html2x.Core.csproj", "{560DDB0A-C078-4C62-BDAC-758ECE80FC1B}"
EndProject
Project("{FAE04EC0-301F-11D3-BF4B-00C04F79EFBC}") = "Html2x.Pdf.Test", "Html2x.Pdf.Test\Html2x.Pdf.Test.csproj", "{80339C27-1D00-4C1C-A2E7-FFE4F9A91919}"
EndProject
Project("{FAE04EC0-301F-11D3-BF4B-00C04F79EFBC}") = "Html2x.Layout", "Html2x.Layout\Html2x.Layout.csproj", "{7B8A5BF8-5FA8-7E72-F504-63D564B9A1F9}"
EndProject
Project("{FAE04EC0-301F-11D3-BF4B-00C04F79EFBC}") = "Html2x.Layout.Test", "Html2x.Layout.Test\Html2x.Layout.Test.csproj", "{8A8CF5EC-E3C2-F72F-AD61-8D7E0A840F87}"
EndProject
Project("{FAE04EC0-301F-11D3-BF4B-00C04F79EFBC}") = "Html2x.Pdf.TestConsole", "Html2x.Pdf.TestConsole\Html2x.Pdf.TestConsole.csproj", "{A1F528A8-DA62-45F4-AF05-415D30DA33C9}"
EndProject
Project("{FAE04EC0-301F-11D3-BF4B-00C04F79EFBC}") = "html2x.IntegrationTest", "html2x.IntegrationTest\html2x.IntegrationTest.csproj", "{CFE56333-4BE0-45CA-9F5A-37AC5480C85B}"
EndProject
Global
	GlobalSection(SolutionConfigurationPlatforms) = preSolution
		Debug|Any CPU = Debug|Any CPU
		Release|Any CPU = Release|Any CPU
	EndGlobalSection
	GlobalSection(ProjectConfigurationPlatforms) = postSolution
		{CA232298-E0DF-45C8-BC9B-A0FC18983588}.Debug|Any CPU.ActiveCfg = Debug|Any CPU
		{CA232298-E0DF-45C8-BC9B-A0FC18983588}.Debug|Any CPU.Build.0 = Debug|Any CPU
		{CA232298-E0DF-45C8-BC9B-A0FC18983588}.Release|Any CPU.ActiveCfg = Release|Any CPU
		{CA232298-E0DF-45C8-BC9B-A0FC18983588}.Release|Any CPU.Build.0 = Release|Any CPU
		{560DDB0A-C078-4C62-BDAC-758ECE80FC1B}.Debug|Any CPU.ActiveCfg = Debug|Any CPU
		{560DDB0A-C078-4C62-BDAC-758ECE80FC1B}.Debug|Any CPU.Build.0 = Debug|Any CPU
		{560DDB0A-C078-4C62-BDAC-758ECE80FC1B}.Release|Any CPU.ActiveCfg = Release|Any CPU
		{560DDB0A-C078-4C62-BDAC-758ECE80FC1B}.Release|Any CPU.Build.0 = Release|Any CPU
		{80339C27-1D00-4C1C-A2E7-FFE4F9A91919}.Debug|Any CPU.ActiveCfg = Debug|Any CPU
		{80339C27-1D00-4C1C-A2E7-FFE4F9A91919}.Debug|Any CPU.Build.0 = Debug|Any CPU
		{80339C27-1D00-4C1C-A2E7-FFE4F9A91919}.Release|Any CPU.ActiveCfg = Release|Any CPU
		{80339C27-1D00-4C1C-A2E7-FFE4F9A91919}.Release|Any CPU.Build.0 = Release|Any CPU
		{7B8A5BF8-5FA8-7E72-F504-63D564B9A1F9}.Debug|Any CPU.ActiveCfg = Debug|Any CPU
		{7B8A5BF8-5FA8-7E72-F504-63D564B9A1F9}.Debug|Any CPU.Build.0 = Debug|Any CPU
		{7B8A5BF8-5FA8-7E72-F504-63D564B9A1F9}.Release|Any CPU.ActiveCfg = Release|Any CPU
		{7B8A5BF8-5FA8-7E72-F504-63D564B9A1F9}.Release|Any CPU.Build.0 = Release|Any CPU
		{8A8CF5EC-E3C2-F72F-AD61-8D7E0A840F87}.Debug|Any CPU.ActiveCfg = Debug|Any CPU
		{8A8CF5EC-E3C2-F72F-AD61-8D7E0A840F87}.Debug|Any CPU.Build.0 = Debug|Any CPU
		{8A8CF5EC-E3C2-F72F-AD61-8D7E0A840F87}.Release|Any CPU.ActiveCfg = Release|Any CPU
		{8A8CF5EC-E3C2-F72F-AD61-8D7E0A840F87}.Release|Any CPU.Build.0 = Release|Any CPU
		{A1F528A8-DA62-45F4-AF05-415D30DA33C9}.Debug|Any CPU.ActiveCfg = Debug|Any CPU
		{A1F528A8-DA62-45F4-AF05-415D30DA33C9}.Debug|Any CPU.Build.0 = Debug|Any CPU
		{A1F528A8-DA62-45F4-AF05-415D30DA33C9}.Release|Any CPU.ActiveCfg = Release|Any CPU
		{A1F528A8-DA62-45F4-AF05-415D30DA33C9}.Release|Any CPU.Build.0 = Release|Any CPU
		{CFE56333-4BE0-45CA-9F5A-37AC5480C85B}.Debug|Any CPU.ActiveCfg = Debug|Any CPU
		{CFE56333-4BE0-45CA-9F5A-37AC5480C85B}.Debug|Any CPU.Build.0 = Debug|Any CPU
		{CFE56333-4BE0-45CA-9F5A-37AC5480C85B}.Release|Any CPU.ActiveCfg = Release|Any CPU
		{CFE56333-4BE0-45CA-9F5A-37AC5480C85B}.Release|Any CPU.Build.0 = Release|Any CPU
	EndGlobalSection
	GlobalSection(SolutionProperties) = preSolution
		HideSolutionNode = FALSE
	EndGlobalSection
	GlobalSection(ExtensibilityGlobals) = postSolution
		SolutionGuid = {AB57D9EB-26DA-495D-9ED2-1DAF843549DA}
	EndGlobalSection
EndGlobal
